
Microsoft Visual Studio Solution File, Format Version 12.00
# Visual Studio Version 17
VisualStudioVersion = 17.14.36414.22
MinimumVisualStudioVersion = 10.0.40219.1
Project("{2150E333-8FDC-42A3-9474-1A3956D46DE8}") = "Layers", "Layers", "{02EA681E-C7D8-13C7-8484-4AC65E1B71E8}"
EndProject
Project("{2150E333-8FDC-42A3-9474-1A3956D46DE8}") = "Application", "Application", "{E7000B36-84CA-401A-B759-1A666C772846}"
EndProject
Project("{2150E333-8FDC-42A3-9474-1A3956D46DE8}") = "Services", "Services", "{579545C5-57A7-4525-9B45-5BF20FA3A5B5}"
EndProject
Project("{2150E333-8FDC-42A3-9474-1A3956D46DE8}") = "Framework", "Framework", "{D8F6746A-57F7-463F-A7B8-9AC21E313822}"
EndProject
Project("{FAE04EC0-301F-11D3-BF4B-00C04F79EFBC}") = "DataTransferObjects", "..\Framework\DataTransferObjects\DataTransferObjects.csproj", "{B0B7AC1E-9BD3-D6DF-AB7E-45EE1A384A5A}"
EndProject
Project("{FAE04EC0-301F-11D3-BF4B-00C04F79EFBC}") = "DataTrasferObjectInterfaces", "..\Framework\DataTrasferObjectInterfaces\DataTrasferObjectInterfaces.csproj", "{F7B0D3C0-93E2-8B5F-CEAD-81B4B564F4A2}"
EndProject
Project("{FAE04EC0-301F-11D3-BF4B-00C04F79EFBC}") = "LoginTransitionApplication", "..\ApplicationProjects\LoginTransitionApplication\LoginTransitionApplication.csproj", "{84F38CEE-AB9F-8E6F-8F03-04A8A7F5051E}"
EndProject
Project("{FAE04EC0-301F-11D3-BF4B-00C04F79EFBC}") = "Account.BL", "..\LayerProjects\Account.BL\Account.BL.csproj", "{5339C260-1032-A817-143D-3AAD25915160}"
EndProject
Project("{FAE04EC0-301F-11D3-BF4B-00C04F79EFBC}") = "Account.DAL", "..\LayerProjects\Account.DAL\Account.DAL.csproj", "{21916D33-66CC-D309-AEA2-6B1C656B5A76}"
EndProject
Project("{FAE04EC0-301F-11D3-BF4B-00C04F79EFBC}") = "Account.DPL", "..\LayerProjects\Account.DPL\Account.DPL.csproj", "{F201FE8F-B1BE-2B41-B188-6179DF902172}"
EndProject
Project("{FAE04EC0-301F-11D3-BF4B-00C04F79EFBC}") = "Account.VM", "..\LayerProjects\Account.VM\Account.VM.csproj", "{937D9F8A-758B-7023-72C2-8C68DA9671EB}"
EndProject
Project("{FAE04EC0-301F-11D3-BF4B-00C04F79EFBC}") = "Builder", "..\ServiceProjects\Builder\Builder.csproj", "{F6756A41-F293-7E1D-D5E9-EA394DF34B1E}"
EndProject
Project("{FAE04EC0-301F-11D3-BF4B-00C04F79EFBC}") = "Cache", "..\ServiceProjects\Cache\Cache.csproj", "{9BBB923F-E27C-EE2B-B790-417DB20FDE6F}"
EndProject
Project("{FAE04EC0-301F-11D3-BF4B-00C04F79EFBC}") = "Router", "..\ServiceProjects\Router\Router.csproj", "{B16D9918-97B1-9D1B-F58B-46929B4BCAC2}"
EndProject
Global
	GlobalSection(SolutionConfigurationPlatforms) = preSolution
		Debug|Any CPU = Debug|Any CPU
		Release|Any CPU = Release|Any CPU
	EndGlobalSection
	GlobalSection(ProjectConfigurationPlatforms) = postSolution
		{B0B7AC1E-9BD3-D6DF-AB7E-45EE1A384A5A}.Debug|Any CPU.ActiveCfg = Debug|Any CPU
		{B0B7AC1E-9BD3-D6DF-AB7E-45EE1A384A5A}.Debug|Any CPU.Build.0 = Debug|Any CPU
		{B0B7AC1E-9BD3-D6DF-AB7E-45EE1A384A5A}.Release|Any CPU.ActiveCfg = Release|Any CPU
		{B0B7AC1E-9BD3-D6DF-AB7E-45EE1A384A5A}.Release|Any CPU.Build.0 = Release|Any CPU
		{F7B0D3C0-93E2-8B5F-CEAD-81B4B564F4A2}.Debug|Any CPU.ActiveCfg = Debug|Any CPU
		{F7B0D3C0-93E2-8B5F-CEAD-81B4B564F4A2}.Debug|Any CPU.Build.0 = Debug|Any CPU
		{F7B0D3C0-93E2-8B5F-CEAD-81B4B564F4A2}.Release|Any CPU.ActiveCfg = Release|Any CPU
		{F7B0D3C0-93E2-8B5F-CEAD-81B4B564F4A2}.Release|Any CPU.Build.0 = Release|Any CPU
		{84F38CEE-AB9F-8E6F-8F03-04A8A7F5051E}.Debug|Any CPU.ActiveCfg = Debug|Any CPU
		{84F38CEE-AB9F-8E6F-8F03-04A8A7F5051E}.Debug|Any CPU.Build.0 = Debug|Any CPU
		{84F38CEE-AB9F-8E6F-8F03-04A8A7F5051E}.Release|Any CPU.ActiveCfg = Release|Any CPU
		{84F38CEE-AB9F-8E6F-8F03-04A8A7F5051E}.Release|Any CPU.Build.0 = Release|Any CPU
		{5339C260-1032-A817-143D-3AAD25915160}.Debug|Any CPU.ActiveCfg = Debug|Any CPU
		{5339C260-1032-A817-143D-3AAD25915160}.Debug|Any CPU.Build.0 = Debug|Any CPU
		{5339C260-1032-A817-143D-3AAD25915160}.Release|Any CPU.ActiveCfg = Release|Any CPU
		{5339C260-1032-A817-143D-3AAD25915160}.Release|Any CPU.Build.0 = Release|Any CPU
		{21916D33-66CC-D309-AEA2-6B1C656B5A76}.Debug|Any CPU.ActiveCfg = Debug|Any CPU
		{21916D33-66CC-D309-AEA2-6B1C656B5A76}.Debug|Any CPU.Build.0 = Debug|Any CPU
		{21916D33-66CC-D309-AEA2-6B1C656B5A76}.Release|Any CPU.ActiveCfg = Release|Any CPU
		{21916D33-66CC-D309-AEA2-6B1C656B5A76}.Release|Any CPU.Build.0 = Release|Any CPU
		{F201FE8F-B1BE-2B41-B188-6179DF902172}.Debug|Any CPU.ActiveCfg = Debug|Any CPU
		{F201FE8F-B1BE-2B41-B188-6179DF902172}.Debug|Any CPU.Build.0 = Debug|Any CPU
		{F201FE8F-B1BE-2B41-B188-6179DF902172}.Release|Any CPU.ActiveCfg = Release|Any CPU
		{F201FE8F-B1BE-2B41-B188-6179DF902172}.Release|Any CPU.Build.0 = Release|Any CPU
		{937D9F8A-758B-7023-72C2-8C68DA9671EB}.Debug|Any CPU.ActiveCfg = Debug|Any CPU
		{937D9F8A-758B-7023-72C2-8C68DA9671EB}.Debug|Any CPU.Build.0 = Debug|Any CPU
		{937D9F8A-758B-7023-72C2-8C68DA9671EB}.Release|Any CPU.ActiveCfg = Release|Any CPU
		{937D9F8A-758B-7023-72C2-8C68DA9671EB}.Release|Any CPU.Build.0 = Release|Any CPU
		{F6756A41-F293-7E1D-D5E9-EA394DF34B1E}.Debug|Any CPU.ActiveCfg = Debug|Any CPU
		{F6756A41-F293-7E1D-D5E9-EA394DF34B1E}.Debug|Any CPU.Build.0 = Debug|Any CPU
		{F6756A41-F293-7E1D-D5E9-EA394DF34B1E}.Release|Any CPU.ActiveCfg = Release|Any CPU
		{F6756A41-F293-7E1D-D5E9-EA394DF34B1E}.Release|Any CPU.Build.0 = Release|Any CPU
		{9BBB923F-E27C-EE2B-B790-417DB20FDE6F}.Debug|Any CPU.ActiveCfg = Debug|Any CPU
		{9BBB923F-E27C-EE2B-B790-417DB20FDE6F}.Debug|Any CPU.Build.0 = Debug|Any CPU
		{9BBB923F-E27C-EE2B-B790-417DB20FDE6F}.Release|Any CPU.ActiveCfg = Release|Any CPU
		{9BBB923F-E27C-EE2B-B790-417DB20FDE6F}.Release|Any CPU.Build.0 = Release|Any CPU
		{B16D9918-97B1-9D1B-F58B-46929B4BCAC2}.Debug|Any CPU.ActiveCfg = Debug|Any CPU
		{B16D9918-97B1-9D1B-F58B-46929B4BCAC2}.Debug|Any CPU.Build.0 = Debug|Any CPU
		{B16D9918-97B1-9D1B-F58B-46929B4BCAC2}.Release|Any CPU.ActiveCfg = Release|Any CPU
		{B16D9918-97B1-9D1B-F58B-46929B4BCAC2}.Release|Any CPU.Build.0 = Release|Any CPU
	EndGlobalSection
	GlobalSection(SolutionProperties) = preSolution
		HideSolutionNode = FALSE
	EndGlobalSection
	GlobalSection(NestedProjects) = preSolution
		{B0B7AC1E-9BD3-D6DF-AB7E-45EE1A384A5A} = {D8F6746A-57F7-463F-A7B8-9AC21E313822}
		{F7B0D3C0-93E2-8B5F-CEAD-81B4B564F4A2} = {D8F6746A-57F7-463F-A7B8-9AC21E313822}
		{84F38CEE-AB9F-8E6F-8F03-04A8A7F5051E} = {E7000B36-84CA-401A-B759-1A666C772846}
		{5339C260-1032-A817-143D-3AAD25915160} = {02EA681E-C7D8-13C7-8484-4AC65E1B71E8}
		{21916D33-66CC-D309-AEA2-6B1C656B5A76} = {02EA681E-C7D8-13C7-8484-4AC65E1B71E8}
		{F201FE8F-B1BE-2B41-B188-6179DF902172} = {02EA681E-C7D8-13C7-8484-4AC65E1B71E8}
		{937D9F8A-758B-7023-72C2-8C68DA9671EB} = {02EA681E-C7D8-13C7-8484-4AC65E1B71E8}
		{F6756A41-F293-7E1D-D5E9-EA394DF34B1E} = {579545C5-57A7-4525-9B45-5BF20FA3A5B5}
		{9BBB923F-E27C-EE2B-B790-417DB20FDE6F} = {579545C5-57A7-4525-9B45-5BF20FA3A5B5}
		{B16D9918-97B1-9D1B-F58B-46929B4BCAC2} = {579545C5-57A7-4525-9B45-5BF20FA3A5B5}
	EndGlobalSection
	GlobalSection(ExtensibilityGlobals) = postSolution
		SolutionGuid = {5029D412-02B9-45C1-88B2-22A3778A873A}
	EndGlobalSection
EndGlobal
